
Microsoft Visual Studio Solution File, Format Version 12.00
# Visual Studio Version 17
VisualStudioVersion = 17.6.33829.357
MinimumVisualStudioVersion = 10.0.40219.1
Project("{FAE04EC0-301F-11D3-BF4B-00C04F79EFBC}") = "FizzBuzzConsole", "FizzBuzzConsole\FizzBuzzConsole.csproj", "{A07394CE-E6C9-4D26-9046-5E24BB44B5A3}"
EndProject
Project("{FAE04EC0-301F-11D3-BF4B-00C04F79EFBC}") = "FizzBuzz", "FizzBuzz\FizzBuzz.csproj", "{3A4F0BEE-EE0D-4C5E-BF1D-66727EFF87E1}"
EndProject
Project("{FAE04EC0-301F-11D3-BF4B-00C04F79EFBC}") = "Unit Tests", "Unit Tests\Unit Tests.csproj", "{8918D38F-4148-4D91-9063-D2DE5E8930CB}"
EndProject
Global
	GlobalSection(SolutionConfigurationPlatforms) = preSolution
		Debug|Any CPU = Debug|Any CPU
		Release|Any CPU = Release|Any CPU
	EndGlobalSection
	GlobalSection(ProjectConfigurationPlatforms) = postSolution
		{A07394CE-E6C9-4D26-9046-5E24BB44B5A3}.Debug|Any CPU.ActiveCfg = Debug|Any CPU
		{A07394CE-E6C9-4D26-9046-5E24BB44B5A3}.Debug|Any CPU.Build.0 = Debug|Any CPU
		{A07394CE-E6C9-4D26-9046-5E24BB44B5A3}.Release|Any CPU.ActiveCfg = Release|Any CPU
		{A07394CE-E6C9-4D26-9046-5E24BB44B5A3}.Release|Any CPU.Build.0 = Release|Any CPU
		{3A4F0BEE-EE0D-4C5E-BF1D-66727EFF87E1}.Debug|Any CPU.ActiveCfg = Debug|Any CPU
		{3A4F0BEE-EE0D-4C5E-BF1D-66727EFF87E1}.Debug|Any CPU.Build.0 = Debug|Any CPU
		{3A4F0BEE-EE0D-4C5E-BF1D-66727EFF87E1}.Release|Any CPU.ActiveCfg = Release|Any CPU
		{3A4F0BEE-EE0D-4C5E-BF1D-66727EFF87E1}.Release|Any CPU.Build.0 = Release|Any CPU
		{8918D38F-4148-4D91-9063-D2DE5E8930CB}.Debug|Any CPU.ActiveCfg = Debug|Any CPU
		{8918D38F-4148-4D91-9063-D2DE5E8930CB}.Debug|Any CPU.Build.0 = Debug|Any CPU
		{8918D38F-4148-4D91-9063-D2DE5E8930CB}.Release|Any CPU.ActiveCfg = Release|Any CPU
		{8918D38F-4148-4D91-9063-D2DE5E8930CB}.Release|Any CPU.Build.0 = Release|Any CPU
	EndGlobalSection
	GlobalSection(SolutionProperties) = preSolution
		HideSolutionNode = FALSE
	EndGlobalSection
	GlobalSection(ExtensibilityGlobals) = postSolution
		SolutionGuid = {971512A6-72FC-43FD-95FD-D485EADE4A84}
	EndGlobalSection
EndGlobal
